
Microsoft Visual Studio Solution File, Format Version 12.00
# Visual Studio Version 16
VisualStudioVersion = 16.0.30711.63
MinimumVisualStudioVersion = 10.0.40219.1
Project("{8BC9CEB8-8B4A-11D0-8D11-00A0C91BC942}") = "Project1", "Project1.vcxproj", "{FE44DAB6-61B7-47BD-94C8-F65E0BFBE6E7}"
EndProject
Global
	GlobalSection(SolutionConfigurationPlatforms) = preSolution
		Debug|x64 = Debug|x64
		Debug|x86 = Debug|x86
		Release|x64 = Release|x64
		Release|x86 = Release|x86
	EndGlobalSection
	GlobalSection(ProjectConfigurationPlatforms) = postSolution
		{FE44DAB6-61B7-47BD-94C8-F65E0BFBE6E7}.Debug|x64.ActiveCfg = Debug|x64
		{FE44DAB6-61B7-47BD-94C8-F65E0BFBE6E7}.Debug|x64.Build.0 = Debug|x64
		{FE44DAB6-61B7-47BD-94C8-F65E0BFBE6E7}.Debug|x86.ActiveCfg = Debug|Win32
		{FE44DAB6-61B7-47BD-94C8-F65E0BFBE6E7}.Debug|x86.Build.0 = Debug|Win32
		{FE44DAB6-61B7-47BD-94C8-F65E0BFBE6E7}.Release|x64.ActiveCfg = Release|x64
		{FE44DAB6-61B7-47BD-94C8-F65E0BFBE6E7}.Release|x64.Build.0 = Release|x64
		{FE44DAB6-61B7-47BD-94C8-F65E0BFBE6E7}.Release|x86.ActiveCfg = Release|Win32
		{FE44DAB6-61B7-47BD-94C8-F65E0BFBE6E7}.Release|x86.Build.0 = Release|Win32
	EndGlobalSection
	GlobalSection(SolutionProperties) = preSolution
		HideSolutionNode = FALSE
	EndGlobalSection
	GlobalSection(ExtensibilityGlobals) = postSolution
		SolutionGuid = {FF7E0B31-0F32-4A47-8754-002F1446647C}
	EndGlobalSection
EndGlobal
