
Microsoft Visual Studio Solution File, Format Version 12.00
# Visual Studio Version 17
VisualStudioVersion = 17.12.35527.113 d17.12
MinimumVisualStudioVersion = 10.0.40219.1
Project("{FAE04EC0-301F-11D3-BF4B-00C04F79EFBC}") = "With_GUI", "With_GUI\With_GUI.csproj", "{7D93CBB0-229C-4C91-97A9-439038AB2A8A}"
EndProject
Global
	GlobalSection(SolutionConfigurationPlatforms) = preSolution
		Debug|Any CPU = Debug|Any CPU
		Release|Any CPU = Release|Any CPU
	EndGlobalSection
	GlobalSection(ProjectConfigurationPlatforms) = postSolution
		{7D93CBB0-229C-4C91-97A9-439038AB2A8A}.Debug|Any CPU.ActiveCfg = Debug|Any CPU
		{7D93CBB0-229C-4C91-97A9-439038AB2A8A}.Debug|Any CPU.Build.0 = Debug|Any CPU
		{7D93CBB0-229C-4C91-97A9-439038AB2A8A}.Release|Any CPU.ActiveCfg = Release|Any CPU
		{7D93CBB0-229C-4C91-97A9-439038AB2A8A}.Release|Any CPU.Build.0 = Release|Any CPU
	EndGlobalSection
	GlobalSection(SolutionProperties) = preSolution
		HideSolutionNode = FALSE
	EndGlobalSection
EndGlobal
