
Microsoft Visual Studio Solution File, Format Version 12.00
# Visual Studio Version 16
VisualStudioVersion = 16.0.30523.141
MinimumVisualStudioVersion = 10.0.40219.1
Project("{8BC9CEB8-8B4A-11D0-8D11-00A0C91BC942}") = "J", "J.vcxproj", "{4AB405BE-D1FF-47B0-A07C-4BB55458BFEA}"
EndProject
Global
	GlobalSection(SolutionConfigurationPlatforms) = preSolution
		Debug|x64 = Debug|x64
		Debug|x86 = Debug|x86
		Release|x64 = Release|x64
		Release|x86 = Release|x86
	EndGlobalSection
	GlobalSection(ProjectConfigurationPlatforms) = postSolution
		{4AB405BE-D1FF-47B0-A07C-4BB55458BFEA}.Debug|x64.ActiveCfg = Debug|x64
		{4AB405BE-D1FF-47B0-A07C-4BB55458BFEA}.Debug|x64.Build.0 = Debug|x64
		{4AB405BE-D1FF-47B0-A07C-4BB55458BFEA}.Debug|x86.ActiveCfg = Debug|Win32
		{4AB405BE-D1FF-47B0-A07C-4BB55458BFEA}.Debug|x86.Build.0 = Debug|Win32
		{4AB405BE-D1FF-47B0-A07C-4BB55458BFEA}.Release|x64.ActiveCfg = Release|x64
		{4AB405BE-D1FF-47B0-A07C-4BB55458BFEA}.Release|x64.Build.0 = Release|x64
		{4AB405BE-D1FF-47B0-A07C-4BB55458BFEA}.Release|x86.ActiveCfg = Release|Win32
		{4AB405BE-D1FF-47B0-A07C-4BB55458BFEA}.Release|x86.Build.0 = Release|Win32
	EndGlobalSection
	GlobalSection(SolutionProperties) = preSolution
		HideSolutionNode = FALSE
	EndGlobalSection
	GlobalSection(ExtensibilityGlobals) = postSolution
		SolutionGuid = {239CE551-F138-4B76-9ACB-FB03F4E9A005}
	EndGlobalSection
EndGlobal
