
Microsoft Visual Studio Solution File, Format Version 12.00
# Visual Studio Version 16
VisualStudioVersion = 16.0.30711.63
MinimumVisualStudioVersion = 10.0.40219.1
Project("{8BC9CEB8-8B4A-11D0-8D11-00A0C91BC942}") = "1", "1.vcxproj", "{19082303-6FA9-42BE-9BD6-2C614A726EF4}"
EndProject
Global
	GlobalSection(SolutionConfigurationPlatforms) = preSolution
		Debug|x64 = Debug|x64
		Debug|x86 = Debug|x86
		Release|x64 = Release|x64
		Release|x86 = Release|x86
	EndGlobalSection
	GlobalSection(ProjectConfigurationPlatforms) = postSolution
		{19082303-6FA9-42BE-9BD6-2C614A726EF4}.Debug|x64.ActiveCfg = Debug|x64
		{19082303-6FA9-42BE-9BD6-2C614A726EF4}.Debug|x64.Build.0 = Debug|x64
		{19082303-6FA9-42BE-9BD6-2C614A726EF4}.Debug|x86.ActiveCfg = Debug|Win32
		{19082303-6FA9-42BE-9BD6-2C614A726EF4}.Debug|x86.Build.0 = Debug|Win32
		{19082303-6FA9-42BE-9BD6-2C614A726EF4}.Release|x64.ActiveCfg = Release|x64
		{19082303-6FA9-42BE-9BD6-2C614A726EF4}.Release|x64.Build.0 = Release|x64
		{19082303-6FA9-42BE-9BD6-2C614A726EF4}.Release|x86.ActiveCfg = Release|Win32
		{19082303-6FA9-42BE-9BD6-2C614A726EF4}.Release|x86.Build.0 = Release|Win32
	EndGlobalSection
	GlobalSection(SolutionProperties) = preSolution
		HideSolutionNode = FALSE
	EndGlobalSection
	GlobalSection(ExtensibilityGlobals) = postSolution
		SolutionGuid = {413D5A4D-86C4-4092-BD85-8C3452EC9D6F}
	EndGlobalSection
EndGlobal
