
Microsoft Visual Studio Solution File, Format Version 12.00
# Visual Studio Version 17
VisualStudioVersion = 17.7.34221.43
MinimumVisualStudioVersion = 10.0.40219.1
Project("{FAE04EC0-301F-11D3-BF4B-00C04F79EFBC}") = "lab 2 (exchange rates)", "lab 2 (exchange rates)\lab 2 (exchange rates).csproj", "{33312EAB-4BBE-4D9F-B7AF-1E4C60F80942}"
EndProject
Global
	GlobalSection(SolutionConfigurationPlatforms) = preSolution
		Debug|Any CPU = Debug|Any CPU
		Release|Any CPU = Release|Any CPU
	EndGlobalSection
	GlobalSection(ProjectConfigurationPlatforms) = postSolution
		{33312EAB-4BBE-4D9F-B7AF-1E4C60F80942}.Debug|Any CPU.ActiveCfg = Debug|Any CPU
		{33312EAB-4BBE-4D9F-B7AF-1E4C60F80942}.Debug|Any CPU.Build.0 = Debug|Any CPU
		{33312EAB-4BBE-4D9F-B7AF-1E4C60F80942}.Release|Any CPU.ActiveCfg = Release|Any CPU
		{33312EAB-4BBE-4D9F-B7AF-1E4C60F80942}.Release|Any CPU.Build.0 = Release|Any CPU
	EndGlobalSection
	GlobalSection(SolutionProperties) = preSolution
		HideSolutionNode = FALSE
	EndGlobalSection
	GlobalSection(ExtensibilityGlobals) = postSolution
		SolutionGuid = {63AC9C6F-DDF5-4783-BF47-CE09AEE304DA}
	EndGlobalSection
EndGlobal
